
Microsoft Visual Studio Solution File, Format Version 12.00
# Visual Studio Version 17
VisualStudioVersion = 17.5.002.0
MinimumVisualStudioVersion = 10.0.40219.1
Project("{9A19103F-16F7-4668-BE54-9A1E7A4F7556}") = "PriceIsRight", "PriceIsRight.csproj", "{380BC80B-7638-424E-BDAB-2D830200C936}"
EndProject
Global
	GlobalSection(SolutionConfigurationPlatforms) = preSolution
		Debug|Any CPU = Debug|Any CPU
		Release|Any CPU = Release|Any CPU
	EndGlobalSection
	GlobalSection(ProjectConfigurationPlatforms) = postSolution
		{380BC80B-7638-424E-BDAB-2D830200C936}.Debug|Any CPU.ActiveCfg = Debug|Any CPU
		{380BC80B-7638-424E-BDAB-2D830200C936}.Debug|Any CPU.Build.0 = Debug|Any CPU
		{380BC80B-7638-424E-BDAB-2D830200C936}.Release|Any CPU.ActiveCfg = Release|Any CPU
		{380BC80B-7638-424E-BDAB-2D830200C936}.Release|Any CPU.Build.0 = Release|Any CPU
	EndGlobalSection
	GlobalSection(SolutionProperties) = preSolution
		HideSolutionNode = FALSE
	EndGlobalSection
	GlobalSection(ExtensibilityGlobals) = postSolution
		SolutionGuid = {7C3B2F94-B22E-4C31-9938-76B9CE18B10D}
	EndGlobalSection
EndGlobal
